
Microsoft Visual Studio Solution File, Format Version 11.00
# Visual Studio 2010
Project("{FAE04EC0-301F-11D3-BF4B-00C04F79EFBC}") = "UnityEngine.TestRunner", "UnityEngine.TestRunner.csproj", "{aecdae86-6a45-6d25-4861-0e9abe8f54a4}"
EndProject
Project("{FAE04EC0-301F-11D3-BF4B-00C04F79EFBC}") = "Unity.Timeline", "Unity.Timeline.csproj", "{9470acb1-852c-0bfd-f6c9-0fe05690f610}"
EndProject
Project("{FAE04EC0-301F-11D3-BF4B-00C04F79EFBC}") = "UnityEngine.UI", "UnityEngine.UI.csproj", "{0b62969d-5aea-399d-28b3-75e896464010}"
EndProject
Project("{FAE04EC0-301F-11D3-BF4B-00C04F79EFBC}") = "Unity.TextMeshPro", "Unity.TextMeshPro.csproj", "{d26072bc-b340-79ed-a142-25ef858deea8}"
EndProject
Project("{FAE04EC0-301F-11D3-BF4B-00C04F79EFBC}") = "UnityEditor.TestRunner", "UnityEditor.TestRunner.csproj", "{1c563508-c4e2-db9a-8f58-83337ecd622b}"
EndProject
Project("{FAE04EC0-301F-11D3-BF4B-00C04F79EFBC}") = "Unity.PlasticSCM.Editor", "Unity.PlasticSCM.Editor.csproj", "{54e456f9-11b3-e95e-f381-84ca5c35264f}"
EndProject
Project("{FAE04EC0-301F-11D3-BF4B-00C04F79EFBC}") = "UnityEditor.UI", "UnityEditor.UI.csproj", "{115e6092-8944-9d81-b69e-b21a402f85cd}"
EndProject
Project("{FAE04EC0-301F-11D3-BF4B-00C04F79EFBC}") = "Unity.Timeline.Editor", "Unity.Timeline.Editor.csproj", "{22df67ae-1b23-5c7a-3791-59d30c9473b7}"
EndProject
Project("{FAE04EC0-301F-11D3-BF4B-00C04F79EFBC}") = "Unity.VisualStudio.Editor", "Unity.VisualStudio.Editor.csproj", "{0f5f9f89-6d34-f20a-ed19-26d578a6d85c}"
EndProject
Project("{FAE04EC0-301F-11D3-BF4B-00C04F79EFBC}") = "Unity.TextMeshPro.Editor", "Unity.TextMeshPro.Editor.csproj", "{b93404f9-e703-c4e3-4a68-4b2a62953763}"
EndProject
Project("{FAE04EC0-301F-11D3-BF4B-00C04F79EFBC}") = "Unity.CollabProxy.Editor", "Unity.CollabProxy.Editor.csproj", "{215a1c2b-b941-4c1b-ebad-c421e6d0ce1d}"
EndProject
Project("{FAE04EC0-301F-11D3-BF4B-00C04F79EFBC}") = "Unity.Rider.Editor", "Unity.Rider.Editor.csproj", "{1275f942-ce5c-6b57-e91b-7345bac3f623}"
EndProject
Project("{FAE04EC0-301F-11D3-BF4B-00C04F79EFBC}") = "Unity.VSCode.Editor", "Unity.VSCode.Editor.csproj", "{4d7d826b-87cd-5c5a-7782-45bda8853a14}"
EndProject
Project("{FAE04EC0-301F-11D3-BF4B-00C04F79EFBC}") = "com.needle.hooks.Editor", "com.needle.hooks.Editor.csproj", "{97b6c38e-ca42-5374-4f70-d396e99592b0}"
EndProject
Project("{FAE04EC0-301F-11D3-BF4B-00C04F79EFBC}") = "UnityEngine.TestRunner", "UnityEngine.TestRunner.Player.csproj", "{f99830b7-b0a1-ab06-0ba6-b3a7f3c72014}"
EndProject
Project("{FAE04EC0-301F-11D3-BF4B-00C04F79EFBC}") = "Unity.Timeline", "Unity.Timeline.Player.csproj", "{7e8ad2e8-3d1f-7116-2b01-e9aab2360c6f}"
EndProject
Project("{FAE04EC0-301F-11D3-BF4B-00C04F79EFBC}") = "UnityEngine.UI", "UnityEngine.UI.Player.csproj", "{f4d83bbd-31db-daae-d449-91eba884734c}"
EndProject
Project("{FAE04EC0-301F-11D3-BF4B-00C04F79EFBC}") = "Unity.TextMeshPro", "Unity.TextMeshPro.Player.csproj", "{36cd6454-2ff9-c022-dd81-cfa1e5da7c40}"
EndProject
Global
	GlobalSection(SolutionConfigurationPlatforms) = preSolution
		Debug|Any CPU = Debug|Any CPU
		Release|Any CPU = Release|Any CPU
	EndGlobalSection
	GlobalSection(ProjectConfigurationPlatforms) = postSolution
		{aecdae86-6a45-6d25-4861-0e9abe8f54a4}.Debug|Any CPU.ActiveCfg = Debug|Any CPU
		{aecdae86-6a45-6d25-4861-0e9abe8f54a4}.Debug|Any CPU.Build.0 = Debug|Any CPU
		{aecdae86-6a45-6d25-4861-0e9abe8f54a4}.Release|Any CPU.ActiveCfg = Release|Any CPU
		{aecdae86-6a45-6d25-4861-0e9abe8f54a4}.Release|Any CPU.Build.0 = Release|Any CPU
		{9470acb1-852c-0bfd-f6c9-0fe05690f610}.Debug|Any CPU.ActiveCfg = Debug|Any CPU
		{9470acb1-852c-0bfd-f6c9-0fe05690f610}.Debug|Any CPU.Build.0 = Debug|Any CPU
		{9470acb1-852c-0bfd-f6c9-0fe05690f610}.Release|Any CPU.ActiveCfg = Release|Any CPU
		{9470acb1-852c-0bfd-f6c9-0fe05690f610}.Release|Any CPU.Build.0 = Release|Any CPU
		{0b62969d-5aea-399d-28b3-75e896464010}.Debug|Any CPU.ActiveCfg = Debug|Any CPU
		{0b62969d-5aea-399d-28b3-75e896464010}.Debug|Any CPU.Build.0 = Debug|Any CPU
		{0b62969d-5aea-399d-28b3-75e896464010}.Release|Any CPU.ActiveCfg = Release|Any CPU
		{0b62969d-5aea-399d-28b3-75e896464010}.Release|Any CPU.Build.0 = Release|Any CPU
		{d26072bc-b340-79ed-a142-25ef858deea8}.Debug|Any CPU.ActiveCfg = Debug|Any CPU
		{d26072bc-b340-79ed-a142-25ef858deea8}.Debug|Any CPU.Build.0 = Debug|Any CPU
		{d26072bc-b340-79ed-a142-25ef858deea8}.Release|Any CPU.ActiveCfg = Release|Any CPU
		{d26072bc-b340-79ed-a142-25ef858deea8}.Release|Any CPU.Build.0 = Release|Any CPU
		{1c563508-c4e2-db9a-8f58-83337ecd622b}.Debug|Any CPU.ActiveCfg = Debug|Any CPU
		{1c563508-c4e2-db9a-8f58-83337ecd622b}.Debug|Any CPU.Build.0 = Debug|Any CPU
		{1c563508-c4e2-db9a-8f58-83337ecd622b}.Release|Any CPU.ActiveCfg = Release|Any CPU
		{1c563508-c4e2-db9a-8f58-83337ecd622b}.Release|Any CPU.Build.0 = Release|Any CPU
		{54e456f9-11b3-e95e-f381-84ca5c35264f}.Debug|Any CPU.ActiveCfg = Debug|Any CPU
		{54e456f9-11b3-e95e-f381-84ca5c35264f}.Debug|Any CPU.Build.0 = Debug|Any CPU
		{54e456f9-11b3-e95e-f381-84ca5c35264f}.Release|Any CPU.ActiveCfg = Release|Any CPU
		{54e456f9-11b3-e95e-f381-84ca5c35264f}.Release|Any CPU.Build.0 = Release|Any CPU
		{115e6092-8944-9d81-b69e-b21a402f85cd}.Debug|Any CPU.ActiveCfg = Debug|Any CPU
		{115e6092-8944-9d81-b69e-b21a402f85cd}.Debug|Any CPU.Build.0 = Debug|Any CPU
		{115e6092-8944-9d81-b69e-b21a402f85cd}.Release|Any CPU.ActiveCfg = Release|Any CPU
		{115e6092-8944-9d81-b69e-b21a402f85cd}.Release|Any CPU.Build.0 = Release|Any CPU
		{22df67ae-1b23-5c7a-3791-59d30c9473b7}.Debug|Any CPU.ActiveCfg = Debug|Any CPU
		{22df67ae-1b23-5c7a-3791-59d30c9473b7}.Debug|Any CPU.Build.0 = Debug|Any CPU
		{22df67ae-1b23-5c7a-3791-59d30c9473b7}.Release|Any CPU.ActiveCfg = Release|Any CPU
		{22df67ae-1b23-5c7a-3791-59d30c9473b7}.Release|Any CPU.Build.0 = Release|Any CPU
		{0f5f9f89-6d34-f20a-ed19-26d578a6d85c}.Debug|Any CPU.ActiveCfg = Debug|Any CPU
		{0f5f9f89-6d34-f20a-ed19-26d578a6d85c}.Debug|Any CPU.Build.0 = Debug|Any CPU
		{0f5f9f89-6d34-f20a-ed19-26d578a6d85c}.Release|Any CPU.ActiveCfg = Release|Any CPU
		{0f5f9f89-6d34-f20a-ed19-26d578a6d85c}.Release|Any CPU.Build.0 = Release|Any CPU
		{b93404f9-e703-c4e3-4a68-4b2a62953763}.Debug|Any CPU.ActiveCfg = Debug|Any CPU
		{b93404f9-e703-c4e3-4a68-4b2a62953763}.Debug|Any CPU.Build.0 = Debug|Any CPU
		{b93404f9-e703-c4e3-4a68-4b2a62953763}.Release|Any CPU.ActiveCfg = Release|Any CPU
		{b93404f9-e703-c4e3-4a68-4b2a62953763}.Release|Any CPU.Build.0 = Release|Any CPU
		{215a1c2b-b941-4c1b-ebad-c421e6d0ce1d}.Debug|Any CPU.ActiveCfg = Debug|Any CPU
		{215a1c2b-b941-4c1b-ebad-c421e6d0ce1d}.Debug|Any CPU.Build.0 = Debug|Any CPU
		{215a1c2b-b941-4c1b-ebad-c421e6d0ce1d}.Release|Any CPU.ActiveCfg = Release|Any CPU
		{215a1c2b-b941-4c1b-ebad-c421e6d0ce1d}.Release|Any CPU.Build.0 = Release|Any CPU
		{1275f942-ce5c-6b57-e91b-7345bac3f623}.Debug|Any CPU.ActiveCfg = Debug|Any CPU
		{1275f942-ce5c-6b57-e91b-7345bac3f623}.Debug|Any CPU.Build.0 = Debug|Any CPU
		{1275f942-ce5c-6b57-e91b-7345bac3f623}.Release|Any CPU.ActiveCfg = Release|Any CPU
		{1275f942-ce5c-6b57-e91b-7345bac3f623}.Release|Any CPU.Build.0 = Release|Any CPU
		{4d7d826b-87cd-5c5a-7782-45bda8853a14}.Debug|Any CPU.ActiveCfg = Debug|Any CPU
		{4d7d826b-87cd-5c5a-7782-45bda8853a14}.Debug|Any CPU.Build.0 = Debug|Any CPU
		{4d7d826b-87cd-5c5a-7782-45bda8853a14}.Release|Any CPU.ActiveCfg = Release|Any CPU
		{4d7d826b-87cd-5c5a-7782-45bda8853a14}.Release|Any CPU.Build.0 = Release|Any CPU
		{97b6c38e-ca42-5374-4f70-d396e99592b0}.Debug|Any CPU.ActiveCfg = Debug|Any CPU
		{97b6c38e-ca42-5374-4f70-d396e99592b0}.Debug|Any CPU.Build.0 = Debug|Any CPU
		{97b6c38e-ca42-5374-4f70-d396e99592b0}.Release|Any CPU.ActiveCfg = Release|Any CPU
		{97b6c38e-ca42-5374-4f70-d396e99592b0}.Release|Any CPU.Build.0 = Release|Any CPU
		{f99830b7-b0a1-ab06-0ba6-b3a7f3c72014}.Debug|Any CPU.ActiveCfg = Debug|Any CPU
		{f99830b7-b0a1-ab06-0ba6-b3a7f3c72014}.Debug|Any CPU.Build.0 = Debug|Any CPU
		{f99830b7-b0a1-ab06-0ba6-b3a7f3c72014}.Release|Any CPU.ActiveCfg = Release|Any CPU
		{f99830b7-b0a1-ab06-0ba6-b3a7f3c72014}.Release|Any CPU.Build.0 = Release|Any CPU
		{7e8ad2e8-3d1f-7116-2b01-e9aab2360c6f}.Debug|Any CPU.ActiveCfg = Debug|Any CPU
		{7e8ad2e8-3d1f-7116-2b01-e9aab2360c6f}.Debug|Any CPU.Build.0 = Debug|Any CPU
		{7e8ad2e8-3d1f-7116-2b01-e9aab2360c6f}.Release|Any CPU.ActiveCfg = Release|Any CPU
		{7e8ad2e8-3d1f-7116-2b01-e9aab2360c6f}.Release|Any CPU.Build.0 = Release|Any CPU
		{f4d83bbd-31db-daae-d449-91eba884734c}.Debug|Any CPU.ActiveCfg = Debug|Any CPU
		{f4d83bbd-31db-daae-d449-91eba884734c}.Debug|Any CPU.Build.0 = Debug|Any CPU
		{f4d83bbd-31db-daae-d449-91eba884734c}.Release|Any CPU.ActiveCfg = Release|Any CPU
		{f4d83bbd-31db-daae-d449-91eba884734c}.Release|Any CPU.Build.0 = Release|Any CPU
		{36cd6454-2ff9-c022-dd81-cfa1e5da7c40}.Debug|Any CPU.ActiveCfg = Debug|Any CPU
		{36cd6454-2ff9-c022-dd81-cfa1e5da7c40}.Debug|Any CPU.Build.0 = Debug|Any CPU
		{36cd6454-2ff9-c022-dd81-cfa1e5da7c40}.Release|Any CPU.ActiveCfg = Release|Any CPU
		{36cd6454-2ff9-c022-dd81-cfa1e5da7c40}.Release|Any CPU.Build.0 = Release|Any CPU
	EndGlobalSection
	GlobalSection(SolutionProperties) = preSolution
		HideSolutionNode = FALSE
	EndGlobalSection
EndGlobal
